
Microsoft Visual Studio Solution File, Format Version 12.00
# Visual Studio Version 17
VisualStudioVersion = 17.5.002.0
MinimumVisualStudioVersion = 10.0.40219.1
Project("{9A19103F-16F7-4668-BE54-9A1E7A4F7556}") = "DeliveryServiceWorker", "DeliveryServiceWorker.csproj", "{1C866BE6-24E6-4297-9B7D-9B95441C4490}"
EndProject
Global
	GlobalSection(SolutionConfigurationPlatforms) = preSolution
		Debug|Any CPU = Debug|Any CPU
		Release|Any CPU = Release|Any CPU
	EndGlobalSection
	GlobalSection(ProjectConfigurationPlatforms) = postSolution
		{1C866BE6-24E6-4297-9B7D-9B95441C4490}.Debug|Any CPU.ActiveCfg = Debug|Any CPU
		{1C866BE6-24E6-4297-9B7D-9B95441C4490}.Debug|Any CPU.Build.0 = Debug|Any CPU
		{1C866BE6-24E6-4297-9B7D-9B95441C4490}.Release|Any CPU.ActiveCfg = Release|Any CPU
		{1C866BE6-24E6-4297-9B7D-9B95441C4490}.Release|Any CPU.Build.0 = Release|Any CPU
	EndGlobalSection
	GlobalSection(SolutionProperties) = preSolution
		HideSolutionNode = FALSE
	EndGlobalSection
	GlobalSection(ExtensibilityGlobals) = postSolution
		SolutionGuid = {391E1A35-5CC3-4852-AB02-E049FD2FCD2D}
	EndGlobalSection
EndGlobal
